
Microsoft Visual Studio Solution File, Format Version 12.00
# Visual Studio Version 16
VisualStudioVersion = 16.0.31613.86
MinimumVisualStudioVersion = 10.0.40219.1
Project("{8BC9CEB8-8B4A-11D0-8D11-00A0C91BC942}") = "ConsoleApplication1", "ConsoleApplication1.vcxproj", "{EC21F6E9-98F5-4DE8-B79F-849CBE70BBF5}"
EndProject
Global
	GlobalSection(SolutionConfigurationPlatforms) = preSolution
		Debug|x64 = Debug|x64
		Debug|x86 = Debug|x86
		Release|x64 = Release|x64
		Release|x86 = Release|x86
	EndGlobalSection
	GlobalSection(ProjectConfigurationPlatforms) = postSolution
		{EC21F6E9-98F5-4DE8-B79F-849CBE70BBF5}.Debug|x64.ActiveCfg = Debug|x64
		{EC21F6E9-98F5-4DE8-B79F-849CBE70BBF5}.Debug|x64.Build.0 = Debug|x64
		{EC21F6E9-98F5-4DE8-B79F-849CBE70BBF5}.Debug|x86.ActiveCfg = Debug|Win32
		{EC21F6E9-98F5-4DE8-B79F-849CBE70BBF5}.Debug|x86.Build.0 = Debug|Win32
		{EC21F6E9-98F5-4DE8-B79F-849CBE70BBF5}.Release|x64.ActiveCfg = Release|x64
		{EC21F6E9-98F5-4DE8-B79F-849CBE70BBF5}.Release|x64.Build.0 = Release|x64
		{EC21F6E9-98F5-4DE8-B79F-849CBE70BBF5}.Release|x86.ActiveCfg = Release|Win32
		{EC21F6E9-98F5-4DE8-B79F-849CBE70BBF5}.Release|x86.Build.0 = Release|Win32
	EndGlobalSection
	GlobalSection(SolutionProperties) = preSolution
		HideSolutionNode = FALSE
	EndGlobalSection
	GlobalSection(ExtensibilityGlobals) = postSolution
		SolutionGuid = {66E7762B-3003-444B-9528-43781AA46E3D}
	EndGlobalSection
EndGlobal
